// !$*UTF8*$!
{
	archiveVersion = 1;
	classes = {
	};
	objectVersion = 50;
	objects = {

/* Begin PBXBuildFile section */
		20CF177722FD8534001EE4A8 /* AppDelegate.swift in Sources */ = {isa = PBXBuildFile; fileRef = 20CF177622FD8534001EE4A8 /* AppDelegate.swift */; };
		20CF177922FD8534001EE4A8 /* ViewController.swift in Sources */ = {isa = PBXBuildFile; fileRef = 20CF177822FD8534001EE4A8 /* ViewController.swift */; };
		20CF177C22FD8534001EE4A8 /* Main.storyboard in Resources */ = {isa = PBXBuildFile; fileRef = 20CF177A22FD8534001EE4A8 /* Main.storyboard */; };
		20CF177E22FD8536001EE4A8 /* Assets.xcassets in Resources */ = {isa = PBXBuildFile; fileRef = 20CF177D22FD8536001EE4A8 /* Assets.xcassets */; };
		20CF178122FD8536001EE4A8 /* LaunchScreen.storyboard in Resources */ = {isa = PBXBuildFile; fileRef = 20CF177F22FD8536001EE4A8 /* LaunchScreen.storyboard */; };
		20CF178922FD854A001EE4A8 /* ResponseModel.swift in Sources */ = {isa = PBXBuildFile; fileRef = 20CF178822FD854A001EE4A8 /* ResponseModel.swift */; };
		20CF178B22FD8744001EE4A8 /* Request.swift in Sources */ = {isa = PBXBuildFile; fileRef = 20CF178A22FD8744001EE4A8 /* Request.swift */; };
		DFD467AA13E4CA6B922EB03D /* Pods_Fetch_Locations.framework in Frameworks */ = {isa = PBXBuildFile; fileRef = DA77FBE26FAD8CEA8AE1D639 /* Pods_Fetch_Locations.framework */; };
/* End PBXBuildFile section */

/* Begin PBXFileReference section */
		20CF177322FD8534001EE4A8 /* Fetch Locations.app */ = {isa = PBXFileReference; explicitFileType = wrapper.application; includeInIndex = 0; path = "Fetch Locations.app"; sourceTree = BUILT_PRODUCTS_DIR; };
		20CF177622FD8534001EE4A8 /* AppDelegate.swift */ = {isa = PBXFileReference; lastKnownFileType = sourcecode.swift; path = AppDelegate.swift; sourceTree = "<group>"; };
		20CF177822FD8534001EE4A8 /* ViewController.swift */ = {isa = PBXFileReference; lastKnownFileType = sourcecode.swift; path = ViewController.swift; sourceTree = "<group>"; };
		20CF177B22FD8534001EE4A8 /* Base */ = {isa = PBXFileReference; lastKnownFileType = file.storyboard; name = Base; path = Base.lproj/Main.storyboard; sourceTree = "<group>"; };
		20CF177D22FD8536001EE4A8 /* Assets.xcassets */ = {isa = PBXFileReference; lastKnownFileType = folder.assetcatalog; path = Assets.xcassets; sourceTree = "<group>"; };
		20CF178022FD8536001EE4A8 /* Base */ = {isa = PBXFileReference; lastKnownFileType = file.storyboard; name = Base; path = Base.lproj/LaunchScreen.storyboard; sourceTree = "<group>"; };
		20CF178222FD8536001EE4A8 /* Info.plist */ = {isa = PBXFileReference; lastKnownFileType = text.plist.xml; path = Info.plist; sourceTree = "<group>"; };
		20CF178822FD854A001EE4A8 /* ResponseModel.swift */ = {isa = PBXFileReference; lastKnownFileType = sourcecode.swift; path = ResponseModel.swift; sourceTree = "<group>"; };
		20CF178A22FD8744001EE4A8 /* Request.swift */ = {isa = PBXFileReference; lastKnownFileType = sourcecode.swift; path = Request.swift; sourceTree = "<group>"; };
		3636BD0009845B61191E63AE /* Pods-Fetch Locations.release.xcconfig */ = {isa = PBXFileReference; includeInIndex = 1; lastKnownFileType = text.xcconfig; name = "Pods-Fetch Locations.release.xcconfig"; path = "Target Support Files/Pods-Fetch Locations/Pods-Fetch Locations.release.xcconfig"; sourceTree = "<group>"; };
		DA77FBE26FAD8CEA8AE1D639 /* Pods_Fetch_Locations.framework */ = {isa = PBXFileReference; explicitFileType = wrapper.framework; includeInIndex = 0; path = Pods_Fetch_Locations.framework; sourceTree = BUILT_PRODUCTS_DIR; };
		E0BB0E912035932FD729B554 /* Pods-Fetch Locations.debug.xcconfig */ = {isa = PBXFileReference; includeInIndex = 1; lastKnownFileType = text.xcconfig; name = "Pods-Fetch Locations.debug.xcconfig"; path = "Target Support Files/Pods-Fetch Locations/Pods-Fetch Locations.debug.xcconfig"; sourceTree = "<group>"; };
/* End PBXFileReference section */

/* Begin PBXFrameworksBuildPhase section */
		20CF177022FD8534001EE4A8 /* Frameworks */ = {
			isa = PBXFrameworksBuildPhase;
			buildActionMask = 2147483647;
			files = (
				DFD467AA13E4CA6B922EB03D /* Pods_Fetch_Locations.framework in Frameworks */,
			);
			runOnlyForDeploymentPostprocessing = 0;
		};
/* End PBXFrameworksBuildPhase section */

/* Begin PBXGroup section */
		061E8905B876CF8EEC0DF1AB /* Frameworks */ = {
			isa = PBXGroup;
			children = (
				DA77FBE26FAD8CEA8AE1D639 /* Pods_Fetch_Locations.framework */,
			);
			name = Frameworks;
			sourceTree = "<group>";
		};
		20CF176A22FD8534001EE4A8 = {
			isa = PBXGroup;
			children = (
				20CF177522FD8534001EE4A8 /* Fetch Locations */,
				20CF177422FD8534001EE4A8 /* Products */,
				F012B11D000A77EF4F7806E6 /* Pods */,
				061E8905B876CF8EEC0DF1AB /* Frameworks */,
			);
			sourceTree = "<group>";
		};
		20CF177422FD8534001EE4A8 /* Products */ = {
			isa = PBXGroup;
			children = (
				20CF177322FD8534001EE4A8 /* Fetch Locations.app */,
			);
			name = Products;
			sourceTree = "<group>";
		};
		20CF177522FD8534001EE4A8 /* Fetch Locations */ = {
			isa = PBXGroup;
			children = (
				20CF177622FD8534001EE4A8 /* AppDelegate.swift */,
				20CF177822FD8534001EE4A8 /* ViewController.swift */,
				20CF178822FD854A001EE4A8 /* ResponseModel.swift */,
				20CF178A22FD8744001EE4A8 /* Request.swift */,
				20CF177A22FD8534001EE4A8 /* Main.storyboard */,
				20CF177D22FD8536001EE4A8 /* Assets.xcassets */,
				20CF177F22FD8536001EE4A8 /* LaunchScreen.storyboard */,
				20CF178222FD8536001EE4A8 /* Info.plist */,
			);
			path = "Fetch Locations";
			sourceTree = "<group>";
		};
		F012B11D000A77EF4F7806E6 /* Pods */ = {
			isa = PBXGroup;
			children = (
				E0BB0E912035932FD729B554 /* Pods-Fetch Locations.debug.xcconfig */,
				3636BD0009845B61191E63AE /* Pods-Fetch Locations.release.xcconfig */,
			);
			name = Pods;
			path = Pods;
			sourceTree = "<group>";
		};
/* End PBXGroup section */

/* Begin PBXNativeTarget section */
		20CF177222FD8534001EE4A8 /* Fetch Locations */ = {
			isa = PBXNativeTarget;
			buildConfigurationList = 20CF178522FD8536001EE4A8 /* Build configuration list for PBXNativeTarget "Fetch Locations" */;
			buildPhases = (
				721CCEF947C551D5B6D91DBC /* [CP] Check Pods Manifest.lock */,
				20CF176F22FD8534001EE4A8 /* Sources */,
				20CF177022FD8534001EE4A8 /* Frameworks */,
				20CF177122FD8534001EE4A8 /* Resources */,
				69954372634C78F997FC89F2 /* [CP] Embed Pods Frameworks */,
			);
			buildRules = (
			);
			dependencies = (
			);
			name = "Fetch Locations";
			productName = "Fetch Locations";
			productReference = 20CF177322FD8534001EE4A8 /* Fetch Locations.app */;
			productType = "com.apple.product-type.application";
		};
/* End PBXNativeTarget section */

/* Begin PBXProject section */
		20CF176B22FD8534001EE4A8 /* Project object */ = {
			isa = PBXProject;
			attributes = {
				LastSwiftUpdateCheck = 1030;
				LastUpgradeCheck = 1030;
				ORGANIZATIONNAME = TAXCOM;
				TargetAttributes = {
					20CF177222FD8534001EE4A8 = {
						CreatedOnToolsVersion = 10.3;
					};
				};
			};
			buildConfigurationList = 20CF176E22FD8534001EE4A8 /* Build configuration list for PBXProject "Fetch Locations" */;
			compatibilityVersion = "Xcode 9.3";
			developmentRegion = en;
			hasScannedForEncodings = 0;
			knownRegions = (
				en,
				Base,
			);
			mainGroup = 20CF176A22FD8534001EE4A8;
			productRefGroup = 20CF177422FD8534001EE4A8 /* Products */;
			projectDirPath = "";
			projectRoot = "";
			targets = (
				20CF177222FD8534001EE4A8 /* Fetch Locations */,
			);
		};
/* End PBXProject section */

/* Begin PBXResourcesBuildPhase section */
		20CF177122FD8534001EE4A8 /* Resources */ = {
			isa = PBXResourcesBuildPhase;
			buildActionMask = 2147483647;
			files = (
				20CF178122FD8536001EE4A8 /* LaunchScreen.storyboard in Resources */,
				20CF177E22FD8536001EE4A8 /* Assets.xcassets in Resources */,
				20CF177C22FD8534001EE4A8 /* Main.storyboard in Resources */,
			);
			runOnlyForDeploymentPostprocessing = 0;
		};
/* End PBXResourcesBuildPhase section */

/* Begin PBXShellScriptBuildPhase section */
		69954372634C78F997FC89F2 /* [CP] Embed Pods Frameworks */ = {
			isa = PBXShellScriptBuildPhase;
			buildActionMask = 2147483647;
			files = (
			);
			inputFileListPaths = (
				"${PODS_ROOT}/Target Support Files/Pods-Fetch Locations/Pods-Fetch Locations-frameworks-${CONFIGURATION}-input-files.xcfilelist",
			);
			name = "[CP] Embed Pods Frameworks";
			outputFileListPaths = (
				"${PODS_ROOT}/Target Support Files/Pods-Fetch Locations/Pods-Fetch Locations-frameworks-${CONFIGURATION}-output-files.xcfilelist",
			);
			runOnlyForDeploymentPostprocessing = 0;
			shellPath = /bin/sh;
			shellScript = "\"${PODS_ROOT}/Target Support Files/Pods-Fetch Locations/Pods-Fetch Locations-frameworks.sh\"\n";
			showEnvVarsInLog = 0;
		};
		721CCEF947C551D5B6D91DBC /* [CP] Check Pods Manifest.lock */ = {
			isa = PBXShellScriptBuildPhase;
			buildActionMask = 2147483647;
			files = (
			);
			inputFileListPaths = (
			);
			inputPaths = (
				"${PODS_PODFILE_DIR_PATH}/Podfile.lock",
				"${PODS_ROOT}/Manifest.lock",
			);
			name = "[CP] Check Pods Manifest.lock";
			outputFileListPaths = (
			);
			outputPaths = (
				"$(DERIVED_FILE_DIR)/Pods-Fetch Locations-checkManifestLockResult.txt",
			);
			runOnlyForDeploymentPostprocessing = 0;
			shellPath = /bin/sh;
			shellScript = "diff \"${PODS_PODFILE_DIR_PATH}/Podfile.lock\" \"${PODS_ROOT}/Manifest.lock\" > /dev/null\nif [ $? != 0 ] ; then\n    # print error to STDERR\n    echo \"error: The sandbox is not in sync with the Podfile.lock. Run 'pod install' or update your CocoaPods installation.\" >&2\n    exit 1\nfi\n# This output is used by Xcode 'outputs' to avoid re-running this script phase.\necho \"SUCCESS\" > \"${SCRIPT_OUTPUT_FILE_0}\"\n";
			showEnvVarsInLog = 0;
		};
/* End PBXShellScriptBuildPhase section */

/* Begin PBXSourcesBuildPhase section */
		20CF176F22FD8534001EE4A8 /* Sources */ = {
			isa = PBXSourcesBuildPhase;
			buildActionMask = 2147483647;
			files = (
				20CF177922FD8534001EE4A8 /* ViewController.swift in Sources */,
				20CF178B22FD8744001EE4A8 /* Request.swift in Sources */,
				20CF178922FD854A001EE4A8 /* ResponseModel.swift in Sources */,
				20CF177722FD8534001EE4A8 /* AppDelegate.swift in Sources */,
			);
			runOnlyForDeploymentPostprocessing = 0;
		};
/* End PBXSourcesBuildPhase section */

/* Begin PBXVariantGroup section */
		20CF177A22FD8534001EE4A8 /* Main.storyboard */ = {
			isa = PBXVariantGroup;
			children = (
				20CF177B22FD8534001EE4A8 /* Base */,
			);
			name = Main.storyboard;
			sourceTree = "<group>";
		};
		20CF177F22FD8536001EE4A8 /* LaunchScreen.storyboard */ = {
			isa = PBXVariantGroup;
			children = (
				20CF178022FD8536001EE4A8 /* Base */,
			);
			name = LaunchScreen.storyboard;
			sourceTree = "<group>";
		};
/* End PBXVariantGroup section */

/* Begin XCBuildConfiguration section */
		20CF178322FD8536001EE4A8 /* Debug */ = {
			isa = XCBuildConfiguration;
			buildSettings = {
				ALWAYS_SEARCH_USER_PATHS = NO;
				CLANG_ANALYZER_NONNULL = YES;
				CLANG_ANALYZER_NUMBER_OBJECT_CONVERSION = YES_AGGRESSIVE;
				CLANG_CXX_LANGUAGE_STANDARD = "gnu++14";
				CLANG_CXX_LIBRARY = "libc++";
				CLANG_ENABLE_MODULES = YES;
				CLANG_ENABLE_OBJC_ARC = YES;
				CLANG_ENABLE_OBJC_WEAK = YES;
				CLANG_WARN_BLOCK_CAPTURE_AUTORELEASING = YES;
				CLANG_WARN_BOOL_CONVERSION = YES;
				CLANG_WARN_COMMA = YES;
				CLANG_WARN_CONSTANT_CONVERSION = YES;
				CLANG_WARN_DEPRECATED_OBJC_IMPLEMENTATIONS = YES;
				CLANG_WARN_DIRECT_OBJC_ISA_USAGE = YES_ERROR;
				CLANG_WARN_DOCUMENTATION_COMMENTS = YES;
				CLANG_WARN_EMPTY_BODY = YES;
				CLANG_WARN_ENUM_CONVERSION = YES;
				CLANG_WARN_INFINITE_RECURSION = YES;
				CLANG_WARN_INT_CONVERSION = YES;
				CLANG_WARN_NON_LITERAL_NULL_CONVERSION = YES;
				CLANG_WARN_OBJC_IMPLICIT_RETAIN_SELF = YES;
				CLANG_WARN_OBJC_LITERAL_CONVERSION = YES;
				CLANG_WARN_OBJC_ROOT_CLASS = YES_ERROR;
				CLANG_WARN_RANGE_LOOP_ANALYSIS = YES;
				CLANG_WARN_STRICT_PROTOTYPES = YES;
				CLANG_WARN_SUSPICIOUS_MOVE = YES;
				CLANG_WARN_UNGUARDED_AVAILABILITY = YES_AGGRESSIVE;
				CLANG_WARN_UNREACHABLE_CODE = YES;
				CLANG_WARN__DUPLICATE_METHOD_MATCH = YES;
				CODE_SIGN_IDENTITY = "iPhone Developer";
				COPY_PHASE_STRIP = NO;
				DEBUG_INFORMATION_FORMAT = dwarf;
				ENABLE_STRICT_OBJC_MSGSEND = YES;
				ENABLE_TESTABILITY = YES;
				GCC_C_LANGUAGE_STANDARD = gnu11;
				GCC_DYNAMIC_NO_PIC = NO;
				GCC_NO_COMMON_BLOCKS = YES;
				GCC_OPTIMIZATION_LEVEL = 0;
				GCC_PREPROCESSOR_DEFINITIONS = (
					"DEBUG=1",
					"$(inherited)",
				);
				GCC_WARN_64_TO_32_BIT_CONVERSION = YES;
				GCC_WARN_ABOUT_RETURN_TYPE = YES_ERROR;
				GCC_WARN_UNDECLARED_SELECTOR = YES;
				GCC_WARN_UNINITIALIZED_AUTOS = YES_AGGRESSIVE;
				GCC_WARN_UNUSED_FUNCTION = YES;
				GCC_WARN_UNUSED_VARIABLE = YES;
				IPHONEOS_DEPLOYMENT_TARGET = 12.4;
				MTL_ENABLE_DEBUG_INFO = INCLUDE_SOURCE;
				MTL_FAST_MATH = YES;
				ONLY_ACTIVE_ARCH = YES;
				SDKROOT = iphoneos;
				SWIFT_ACTIVE_COMPILATION_CONDITIONS = DEBUG;
				SWIFT_OPTIMIZATION_LEVEL = "-Onone";
			};
			name = Debug;
		};
		20CF178422FD8536001EE4A8 /* Release */ = {
			isa = XCBuildConfiguration;
			buildSettings = {
				ALWAYS_SEARCH_USER_PATHS = NO;
				CLANG_ANALYZER_NONNULL = YES;
				CLANG_ANALYZER_NUMBER_OBJECT_CONVERSION = YES_AGGRESSIVE;
				CLANG_CXX_LANGUAGE_STANDARD = "gnu++14";
				CLANG_CXX_LIBRARY = "libc++";
				CLANG_ENABLE_MODULES = YES;
				CLANG_ENABLE_OBJC_ARC = YES;
				CLANG_ENABLE_OBJC_WEAK = YES;
				CLANG_WARN_BLOCK_CAPTURE_AUTORELEASING = YES;
				CLANG_WARN_BOOL_CONVERSION = YES;
				CLANG_WARN_COMMA = YES;
				CLANG_WARN_CONSTANT_CONVERSION = YES;
				CLANG_WARN_DEPRECATED_OBJC_IMPLEMENTATIONS = YES;
				CLANG_WARN_DIRECT_OBJC_ISA_USAGE = YES_ERROR;
				CLANG_WARN_DOCUMENTATION_COMMENTS = YES;
				CLANG_WARN_EMPTY_BODY = YES;
				CLANG_WARN_ENUM_CONVERSION = YES;
				CLANG_WARN_INFINITE_RECURSION = YES;
				CLANG_WARN_INT_CONVERSION = YES;
				CLANG_WARN_NON_LITERAL_NULL_CONVERSION = YES;
				CLANG_WARN_OBJC_IMPLICIT_RETAIN_SELF = YES;
				CLANG_WARN_OBJC_LITERAL_CONVERSION = YES;
				CLANG_WARN_OBJC_ROOT_CLASS = YES_ERROR;
				CLANG_WARN_RANGE_LOOP_ANALYSIS = YES;
				CLANG_WARN_STRICT_PROTOTYPES = YES;
				CLANG_WARN_SUSPICIOUS_MOVE = YES;
				CLANG_WARN_UNGUARDED_AVAILABILITY = YES_AGGRESSIVE;
				CLANG_WARN_UNREACHABLE_CODE = YES;
				CLANG_WARN__DUPLICATE_METHOD_MATCH = YES;
				CODE_SIGN_IDENTITY = "iPhone Developer";
				COPY_PHASE_STRIP = NO;
				DEBUG_INFORMATION_FORMAT = "dwarf-with-dsym";
				ENABLE_NS_ASSERTIONS = NO;
				ENABLE_STRICT_OBJC_MSGSEND = YES;
				GCC_C_LANGUAGE_STANDARD = gnu11;
				GCC_NO_COMMON_BLOCKS = YES;
				GCC_WARN_64_TO_32_BIT_CONVERSION = YES;
				GCC_WARN_ABOUT_RETURN_TYPE = YES_ERROR;
				GCC_WARN_UNDECLARED_SELECTOR = YES;
				GCC_WARN_UNINITIALIZED_AUTOS = YES_AGGRESSIVE;
				GCC_WARN_UNUSED_FUNCTION = YES;
				GCC_WARN_UNUSED_VARIABLE = YES;
				IPHONEOS_DEPLOYMENT_TARGET = 12.4;
				MTL_ENABLE_DEBUG_INFO = NO;
				MTL_FAST_MATH = YES;
				SDKROOT = iphoneos;
				SWIFT_COMPILATION_MODE = wholemodule;
				SWIFT_OPTIMIZATION_LEVEL = "-O";
				VALIDATE_PRODUCT = YES;
			};
			name = Release;
		};
		20CF178622FD8536001EE4A8 /* Debug */ = {
			isa = XCBuildConfiguration;
			baseConfigurationReference = E0BB0E912035932FD729B554 /* Pods-Fetch Locations.debug.xcconfig */;
			buildSettings = {
				ASSETCATALOG_COMPILER_APPICON_NAME = AppIcon;
				CODE_SIGN_STYLE = Automatic;
				DEVELOPMENT_TEAM = V93MRMNEKV;
				INFOPLIST_FILE = "Fetch Locations/Info.plist";
				LD_RUNPATH_SEARCH_PATHS = (
					"$(inherited)",
					"@executable_path/Frameworks",
				);
				PRODUCT_BUNDLE_IDENTIFIER = "com.eskaria.Fetch-Locations";
				PRODUCT_NAME = "$(TARGET_NAME)";
				SWIFT_VERSION = 5.0;
				TARGETED_DEVICE_FAMILY = "1,2";
			};
			name = Debug;
		};
		20CF178722FD8536001EE4A8 /* Release */ = {
			isa = XCBuildConfiguration;
			baseConfigurationReference = 3636BD0009845B61191E63AE /* Pods-Fetch Locations.release.xcconfig */;
			buildSettings = {
				ASSETCATALOG_COMPILER_APPICON_NAME = AppIcon;
				CODE_SIGN_STYLE = Automatic;
				DEVELOPMENT_TEAM = V93MRMNEKV;
				INFOPLIST_FILE = "Fetch Locations/Info.plist";
				LD_RUNPATH_SEARCH_PATHS = (
					"$(inherited)",
					"@executable_path/Frameworks",
				);
				PRODUCT_BUNDLE_IDENTIFIER = "com.eskaria.Fetch-Locations";
				PRODUCT_NAME = "$(TARGET_NAME)";
				SWIFT_VERSION = 5.0;
				TARGETED_DEVICE_FAMILY = "1,2";
			};
			name = Release;
		};
/* End XCBuildConfiguration section */

/* Begin XCConfigurationList section */
		20CF176E22FD8534001EE4A8 /* Build configuration list for PBXProject "Fetch Locations" */ = {
			isa = XCConfigurationList;
			buildConfigurations = (
				20CF178322FD8536001EE4A8 /* Debug */,
				20CF178422FD8536001EE4A8 /* Release */,
			);
			defaultConfigurationIsVisible = 0;
			defaultConfigurationName = Release;
		};
		20CF178522FD8536001EE4A8 /* Build configuration list for PBXNativeTarget "Fetch Locations" */ = {
			isa = XCConfigurationList;
			buildConfigurations = (
				20CF178622FD8536001EE4A8 /* Debug */,
				20CF178722FD8536001EE4A8 /* Release */,
			);
			defaultConfigurationIsVisible = 0;
			defaultConfigurationName = Release;
		};
/* End XCConfigurationList section */
	};
	rootObject = 20CF176B22FD8534001EE4A8 /* Project object */;
}
